
Microsoft Visual Studio Solution File, Format Version 12.00
# Visual Studio 15
VisualStudioVersion = 15.0.26124.0
MinimumVisualStudioVersion = 15.0.26124.0
Project("{FAE04EC0-301F-11D3-BF4B-00C04F79EFBC}") = "ProAgil.WebAPI", "ProAgil.WebAPI\ProAgil.WebAPI.csproj", "{5EECC809-7703-4335-A435-B277D3036AD3}"
EndProject
Project("{FAE04EC0-301F-11D3-BF4B-00C04F79EFBC}") = "ProAgil.Domain", "ProAgil.Domain\ProAgil.Domain.csproj", "{82FE3508-33DC-469D-A04D-EF41F5E5014D}"
EndProject
Project("{FAE04EC0-301F-11D3-BF4B-00C04F79EFBC}") = "ProAgil.Repository", "ProAgil.Repository\ProAgil.Repository.csproj", "{DB13C105-A03E-4208-8C53-D41C1670C657}"
EndProject
Global
	GlobalSection(SolutionConfigurationPlatforms) = preSolution
		Debug|Any CPU = Debug|Any CPU
		Debug|x64 = Debug|x64
		Debug|x86 = Debug|x86
		Release|Any CPU = Release|Any CPU
		Release|x64 = Release|x64
		Release|x86 = Release|x86
	EndGlobalSection
	GlobalSection(SolutionProperties) = preSolution
		HideSolutionNode = FALSE
	EndGlobalSection
	GlobalSection(ProjectConfigurationPlatforms) = postSolution
		{5EECC809-7703-4335-A435-B277D3036AD3}.Debug|Any CPU.ActiveCfg = Debug|Any CPU
		{5EECC809-7703-4335-A435-B277D3036AD3}.Debug|Any CPU.Build.0 = Debug|Any CPU
		{5EECC809-7703-4335-A435-B277D3036AD3}.Debug|x64.ActiveCfg = Debug|Any CPU
		{5EECC809-7703-4335-A435-B277D3036AD3}.Debug|x64.Build.0 = Debug|Any CPU
		{5EECC809-7703-4335-A435-B277D3036AD3}.Debug|x86.ActiveCfg = Debug|Any CPU
		{5EECC809-7703-4335-A435-B277D3036AD3}.Debug|x86.Build.0 = Debug|Any CPU
		{5EECC809-7703-4335-A435-B277D3036AD3}.Release|Any CPU.ActiveCfg = Release|Any CPU
		{5EECC809-7703-4335-A435-B277D3036AD3}.Release|Any CPU.Build.0 = Release|Any CPU
		{5EECC809-7703-4335-A435-B277D3036AD3}.Release|x64.ActiveCfg = Release|Any CPU
		{5EECC809-7703-4335-A435-B277D3036AD3}.Release|x64.Build.0 = Release|Any CPU
		{5EECC809-7703-4335-A435-B277D3036AD3}.Release|x86.ActiveCfg = Release|Any CPU
		{5EECC809-7703-4335-A435-B277D3036AD3}.Release|x86.Build.0 = Release|Any CPU
		{82FE3508-33DC-469D-A04D-EF41F5E5014D}.Debug|Any CPU.ActiveCfg = Debug|Any CPU
		{82FE3508-33DC-469D-A04D-EF41F5E5014D}.Debug|Any CPU.Build.0 = Debug|Any CPU
		{82FE3508-33DC-469D-A04D-EF41F5E5014D}.Debug|x64.ActiveCfg = Debug|Any CPU
		{82FE3508-33DC-469D-A04D-EF41F5E5014D}.Debug|x64.Build.0 = Debug|Any CPU
		{82FE3508-33DC-469D-A04D-EF41F5E5014D}.Debug|x86.ActiveCfg = Debug|Any CPU
		{82FE3508-33DC-469D-A04D-EF41F5E5014D}.Debug|x86.Build.0 = Debug|Any CPU
		{82FE3508-33DC-469D-A04D-EF41F5E5014D}.Release|Any CPU.ActiveCfg = Release|Any CPU
		{82FE3508-33DC-469D-A04D-EF41F5E5014D}.Release|Any CPU.Build.0 = Release|Any CPU
		{82FE3508-33DC-469D-A04D-EF41F5E5014D}.Release|x64.ActiveCfg = Release|Any CPU
		{82FE3508-33DC-469D-A04D-EF41F5E5014D}.Release|x64.Build.0 = Release|Any CPU
		{82FE3508-33DC-469D-A04D-EF41F5E5014D}.Release|x86.ActiveCfg = Release|Any CPU
		{82FE3508-33DC-469D-A04D-EF41F5E5014D}.Release|x86.Build.0 = Release|Any CPU
		{DB13C105-A03E-4208-8C53-D41C1670C657}.Debug|Any CPU.ActiveCfg = Debug|Any CPU
		{DB13C105-A03E-4208-8C53-D41C1670C657}.Debug|Any CPU.Build.0 = Debug|Any CPU
		{DB13C105-A03E-4208-8C53-D41C1670C657}.Debug|x64.ActiveCfg = Debug|Any CPU
		{DB13C105-A03E-4208-8C53-D41C1670C657}.Debug|x64.Build.0 = Debug|Any CPU
		{DB13C105-A03E-4208-8C53-D41C1670C657}.Debug|x86.ActiveCfg = Debug|Any CPU
		{DB13C105-A03E-4208-8C53-D41C1670C657}.Debug|x86.Build.0 = Debug|Any CPU
		{DB13C105-A03E-4208-8C53-D41C1670C657}.Release|Any CPU.ActiveCfg = Release|Any CPU
		{DB13C105-A03E-4208-8C53-D41C1670C657}.Release|Any CPU.Build.0 = Release|Any CPU
		{DB13C105-A03E-4208-8C53-D41C1670C657}.Release|x64.ActiveCfg = Release|Any CPU
		{DB13C105-A03E-4208-8C53-D41C1670C657}.Release|x64.Build.0 = Release|Any CPU
		{DB13C105-A03E-4208-8C53-D41C1670C657}.Release|x86.ActiveCfg = Release|Any CPU
		{DB13C105-A03E-4208-8C53-D41C1670C657}.Release|x86.Build.0 = Release|Any CPU
	EndGlobalSection
EndGlobal
